// !$*UTF8*$!
{
	archiveVersion = 1;
	classes = {
	};
	objectVersion = 77;
	objects = {

/* Begin PBXBuildFile section */
		A1000001 /* darksword.m in Sources */ = {isa = PBXBuildFile; fileRef = A2000001 /* darksword.m */; };
		A1000002 /* kfs.m in Sources */ = {isa = PBXBuildFile; fileRef = A2000002 /* kfs.m */; };
		A1000003 /* utils.m in Sources */ = {isa = PBXBuildFile; fileRef = A2000003 /* utils.m */; };
		A1000004 /* offsets.m in Sources */ = {isa = PBXBuildFile; fileRef = A2000004 /* offsets.m */; };
		A1000005 /* GeoFilza18App.swift in Sources */ = {isa = PBXBuildFile; fileRef = A2000010 /* GeoFilza18App.swift */; };
		A1000006 /* ExploitManager.swift in Sources */ = {isa = PBXBuildFile; fileRef = A2000011 /* ExploitManager.swift */; };
		A1000007 /* Logger.swift in Sources */ = {isa = PBXBuildFile; fileRef = A2000012 /* Logger.swift */; };
		A1000008 /* HomeView.swift in Sources */ = {isa = PBXBuildFile; fileRef = A2000013 /* HomeView.swift */; };
		A1000009 /* FileBrowserView.swift in Sources */ = {isa = PBXBuildFile; fileRef = A2000014 /* FileBrowserView.swift */; };
		A100000A /* SearchView.swift in Sources */ = {isa = PBXBuildFile; fileRef = A2000015 /* SearchView.swift */; };
		A100000B /* Assets.xcassets in Resources */ = {isa = PBXBuildFile; fileRef = A2000020 /* Assets.xcassets */; };
		A100000C /* libxpf.dylib in Frameworks */ = {isa = PBXBuildFile; fileRef = A2000030 /* libxpf.dylib */; };
		A100000D /* libgrabkernel2.dylib in Frameworks */ = {isa = PBXBuildFile; fileRef = A2000031 /* libgrabkernel2.dylib */; };
		A100000E /* libxpf.dylib in Embed Frameworks */ = {isa = PBXBuildFile; fileRef = A2000030 /* libxpf.dylib */; settings = {ATTRIBUTES = (CodeSignOnCopy, ); }; };
		A100000F /* libgrabkernel2.dylib in Embed Frameworks */ = {isa = PBXBuildFile; fileRef = A2000031 /* libgrabkernel2.dylib */; settings = {ATTRIBUTES = (CodeSignOnCopy, ); }; };
/* End PBXBuildFile section */

/* Begin PBXCopyFilesBuildPhase section */
		A3000001 /* Embed Frameworks */ = {
			isa = PBXCopyFilesBuildPhase;
			buildActionMask = 2147483647;
			dstPath = "";
			dstSubfolderSpec = 10;
			files = (
				A100000E /* libxpf.dylib in Embed Frameworks */,
				A100000F /* libgrabkernel2.dylib in Embed Frameworks */,
			);
			name = "Embed Frameworks";
			runOnlyForDeploymentPostprocessing = 0;
		};
/* End PBXCopyFilesBuildPhase section */

/* Begin PBXFileReference section */
		A2000001 /* darksword.m */ = {isa = PBXFileReference; lastKnownFileType = sourcecode.c.objc; path = darksword.m; sourceTree = "<group>"; };
		A2000002 /* kfs.m */ = {isa = PBXFileReference; lastKnownFileType = sourcecode.c.objc; path = kfs.m; sourceTree = "<group>"; };
		A2000003 /* utils.m */ = {isa = PBXFileReference; lastKnownFileType = sourcecode.c.objc; path = utils.m; sourceTree = "<group>"; };
		A2000004 /* offsets.m */ = {isa = PBXFileReference; lastKnownFileType = sourcecode.c.objc; path = offsets.m; sourceTree = "<group>"; };
		A2000005 /* darksword.h */ = {isa = PBXFileReference; lastKnownFileType = sourcecode.c.h; path = darksword.h; sourceTree = "<group>"; };
		A2000006 /* kfs.h */ = {isa = PBXFileReference; lastKnownFileType = sourcecode.c.h; path = kfs.h; sourceTree = "<group>"; };
		A2000007 /* utils.h */ = {isa = PBXFileReference; lastKnownFileType = sourcecode.c.h; path = utils.h; sourceTree = "<group>"; };
		A2000010 /* GeoFilza18App.swift */ = {isa = PBXFileReference; lastKnownFileType = sourcecode.swift; path = GeoFilza18App.swift; sourceTree = "<group>"; };
		A2000011 /* ExploitManager.swift */ = {isa = PBXFileReference; lastKnownFileType = sourcecode.swift; path = ExploitManager.swift; sourceTree = "<group>"; };
		A2000012 /* Logger.swift */ = {isa = PBXFileReference; lastKnownFileType = sourcecode.swift; path = Logger.swift; sourceTree = "<group>"; };
		A2000013 /* HomeView.swift */ = {isa = PBXFileReference; lastKnownFileType = sourcecode.swift; path = HomeView.swift; sourceTree = "<group>"; };
		A2000014 /* FileBrowserView.swift */ = {isa = PBXFileReference; lastKnownFileType = sourcecode.swift; path = FileBrowserView.swift; sourceTree = "<group>"; };
		A2000015 /* SearchView.swift */ = {isa = PBXFileReference; lastKnownFileType = sourcecode.swift; path = SearchView.swift; sourceTree = "<group>"; };
		A2000016 /* GeoFilza18-Bridging-Header.h */ = {isa = PBXFileReference; lastKnownFileType = sourcecode.c.h; path = "GeoFilza18-Bridging-Header.h"; sourceTree = "<group>"; };
		A2000020 /* Assets.xcassets */ = {isa = PBXFileReference; lastKnownFileType = folder.assetcatalog; path = Assets.xcassets; sourceTree = "<group>"; };
		A2000030 /* libxpf.dylib */ = {isa = PBXFileReference; lastKnownFileType = "compiled.mach-o.dylib"; path = libxpf.dylib; sourceTree = "<group>"; };
		A2000031 /* libgrabkernel2.dylib */ = {isa = PBXFileReference; lastKnownFileType = "compiled.mach-o.dylib"; path = libgrabkernel2.dylib; sourceTree = "<group>"; };
		A2000040 /* GeoFilza18.entitlements */ = {isa = PBXFileReference; lastKnownFileType = text.plist.entitlements; path = GeoFilza18.entitlements; sourceTree = "<group>"; };
		A2000050 /* GeoFilza18.app */ = {isa = PBXFileReference; explicitFileType = wrapper.application; includeInIndex = 0; path = GeoFilza18.app; sourceTree = BUILT_PRODUCTS_DIR; };
		A2000060 /* xpf.h */ = {isa = PBXFileReference; lastKnownFileType = sourcecode.c.h; path = xpf.h; sourceTree = "<group>"; };
		A2000061 /* libgrabkernel2.h */ = {isa = PBXFileReference; lastKnownFileType = sourcecode.c.h; path = libgrabkernel2.h; sourceTree = "<group>"; };
/* End PBXFileReference section */

/* Begin PBXFrameworksBuildPhase section */
		A4000001 /* Frameworks */ = {
			isa = PBXFrameworksBuildPhase;
			buildActionMask = 2147483647;
			files = (
				A100000C /* libxpf.dylib in Frameworks */,
				A100000D /* libgrabkernel2.dylib in Frameworks */,
			);
			runOnlyForDeploymentPostprocessing = 0;
		};
/* End PBXFrameworksBuildPhase section */

/* Begin PBXGroup section */
		A5000001 /* root */ = {
			isa = PBXGroup;
			children = (
				A5000010 /* Config */,
				A5000002 /* GeoFilza18 */,
				A5000099 /* Products */,
			);
			sourceTree = "<group>";
		};
		A5000002 /* GeoFilza18 */ = {
			isa = PBXGroup;
			children = (
				A2000016 /* GeoFilza18-Bridging-Header.h */,
				A2000010 /* GeoFilza18App.swift */,
				A2000011 /* ExploitManager.swift */,
				A2000012 /* Logger.swift */,
				A2000013 /* HomeView.swift */,
				A2000014 /* FileBrowserView.swift */,
				A2000015 /* SearchView.swift */,
				A5000003 /* kexploit */,
				A5000004 /* headers */,
				A5000005 /* lib */,
				A2000020 /* Assets.xcassets */,
			);
			path = GeoFilza18;
			sourceTree = "<group>";
		};
		A5000003 /* kexploit */ = {
			isa = PBXGroup;
			children = (
				A2000005 /* darksword.h */,
				A2000001 /* darksword.m */,
				A2000006 /* kfs.h */,
				A2000002 /* kfs.m */,
				A2000007 /* utils.h */,
				A2000003 /* utils.m */,
				A2000004 /* offsets.m */,
			);
			path = kexploit;
			sourceTree = "<group>";
		};
		A5000004 /* headers */ = {
			isa = PBXGroup;
			children = (
				A2000060 /* xpf.h */,
				A2000061 /* libgrabkernel2.h */,
			);
			path = headers;
			sourceTree = "<group>";
		};
		A5000005 /* lib */ = {
			isa = PBXGroup;
			children = (
				A2000030 /* libxpf.dylib */,
				A2000031 /* libgrabkernel2.dylib */,
			);
			path = lib;
			sourceTree = "<group>";
		};
		A5000010 /* Config */ = {
			isa = PBXGroup;
			children = (
				A2000040 /* GeoFilza18.entitlements */,
			);
			path = Config;
			sourceTree = "<group>";
		};
		A5000099 /* Products */ = {
			isa = PBXGroup;
			children = (
				A2000050 /* GeoFilza18.app */,
			);
			name = Products;
			sourceTree = "<group>";
		};
/* End PBXGroup section */

/* Begin PBXNativeTarget section */
		A6000001 /* GeoFilza18 */ = {
			isa = PBXNativeTarget;
			buildConfigurationList = A8000001 /* Build configuration list for PBXNativeTarget "GeoFilza18" */;
			buildPhases = (
				A7000001 /* Sources */,
				A4000001 /* Frameworks */,
				A7000002 /* Resources */,
				A3000001 /* Embed Frameworks */,
			);
			buildRules = (
			);
			dependencies = (
			);
			name = GeoFilza18;
			productName = GeoFilza18;
			productReference = A2000050 /* GeoFilza18.app */;
			productType = "com.apple.product-type.application";
		};
/* End PBXNativeTarget section */

/* Begin PBXProject section */
		A9000001 /* Project object */ = {
			isa = PBXProject;
			attributes = {
				BuildIndependentTargetsInParallel = 1;
				LastSwiftUpdateCheck = 1600;
				LastUpgradeCheck = 1600;
				TargetAttributes = {
					A6000001 = {
						CreatedOnToolsVersion = 16.0;
					};
				};
			};
			buildConfigurationList = A8000010 /* Build configuration list for PBXProject "GeoFilza18" */;
			developmentRegion = en;
			hasScannedForEncodings = 0;
			knownRegions = (
				en,
				Base,
			);
			mainGroup = A5000001 /* root */;
			minimizedProjectReferenceProxies = 1;
			preferredProjectObjectVersion = 77;
			productRefGroup = A5000099 /* Products */;
			projectDirPath = "";
			projectRoot = "";
			targets = (
				A6000001 /* GeoFilza18 */,
			);
		};
/* End PBXProject section */

/* Begin PBXResourcesBuildPhase section */
		A7000002 /* Resources */ = {
			isa = PBXResourcesBuildPhase;
			buildActionMask = 2147483647;
			files = (
				A100000B /* Assets.xcassets in Resources */,
			);
			runOnlyForDeploymentPostprocessing = 0;
		};
/* End PBXResourcesBuildPhase section */

/* Begin PBXSourcesBuildPhase section */
		A7000001 /* Sources */ = {
			isa = PBXSourcesBuildPhase;
			buildActionMask = 2147483647;
			files = (
				A1000001 /* darksword.m in Sources */,
				A1000002 /* kfs.m in Sources */,
				A1000003 /* utils.m in Sources */,
				A1000004 /* offsets.m in Sources */,
				A1000005 /* GeoFilza18App.swift in Sources */,
				A1000006 /* ExploitManager.swift in Sources */,
				A1000007 /* Logger.swift in Sources */,
				A1000008 /* HomeView.swift in Sources */,
				A1000009 /* FileBrowserView.swift in Sources */,
				A100000A /* SearchView.swift in Sources */,
			);
			runOnlyForDeploymentPostprocessing = 0;
		};
/* End PBXSourcesBuildPhase section */

/* Begin XCBuildConfiguration section */
		AA000001 /* Debug */ = {
			isa = XCBuildConfiguration;
			buildSettings = {
				ALWAYS_SEARCH_USER_PATHS = NO;
				ASSETCATALOG_COMPILER_GENERATE_SWIFT_ASSET_SYMBOL_EXTENSIONS = YES;
				CLANG_ANALYZER_NONNULL = YES;
				CLANG_ANALYZER_NUMBER_OBJECT_CONVERSION = YES_AGGRESSIVE;
				CLANG_CXX_LANGUAGE_STANDARD = "gnu++20";
				CLANG_ENABLE_MODULES = YES;
				CLANG_ENABLE_OBJC_ARC = YES;
				CLANG_ENABLE_OBJC_WEAK = YES;
				CLANG_WARN_BLOCK_CAPTURE_AUTORELEASING = YES;
				CLANG_WARN_BOOL_CONVERSION = YES;
				CLANG_WARN_COMMA = YES;
				CLANG_WARN_CONSTANT_CONVERSION = YES;
				CLANG_WARN_DEPRECATED_OBJC_IMPLEMENTATIONS = YES;
				CLANG_WARN_DIRECT_OBJC_ISA_USAGE = YES_ERROR;
				CLANG_WARN_DOCUMENTATION_COMMENTS = YES;
				CLANG_WARN_EMPTY_BODY = YES;
				CLANG_WARN_ENUM_CONVERSION = YES;
				CLANG_WARN_INFINITE_RECURSION = YES;
				CLANG_WARN_INT_CONVERSION = YES;
				CLANG_WARN_NON_LITERAL_NULL_CONVERSION = YES;
				CLANG_WARN_OBJC_IMPLICIT_RETAIN_SELF = YES;
				CLANG_WARN_OBJC_LITERAL_CONVERSION = YES;
				CLANG_WARN_OBJC_ROOT_CLASS = YES_ERROR;
				CLANG_WARN_QUOTED_INCLUDE_IN_FRAMEWORK_HEADER = YES;
				CLANG_WARN_RANGE_LOOP_ANALYSIS = YES;
				CLANG_WARN_STRICT_PROTOTYPES = YES;
				CLANG_WARN_SUSPICIOUS_MOVE = YES;
				CLANG_WARN_UNGUARDED_AVAILABILITY = YES_AGGRESSIVE;
				CLANG_WARN_UNREACHABLE_CODE = YES;
				CLANG_WARN__DUPLICATE_METHOD_MATCH = YES;
				COPY_PHASE_STRIP = NO;
				DEBUG_INFORMATION_FORMAT = dwarf;
				ENABLE_STRICT_OBJC_MSGSEND = YES;
				ENABLE_TESTABILITY = YES;
				ENABLE_USER_SCRIPT_SANDBOXING = YES;
				GCC_C_LANGUAGE_STANDARD = gnu17;
				GCC_DYNAMIC_NO_PIC = NO;
				GCC_NO_COMMON_BLOCKS = YES;
				GCC_OPTIMIZATION_LEVEL = 0;
				GCC_PREPROCESSOR_DEFINITIONS = (
					"DEBUG=1",
					"$(inherited)",
				);
				GCC_WARN_64_TO_32_BIT_CONVERSION = YES;
				GCC_WARN_ABOUT_RETURN_TYPE = YES_ERROR;
				GCC_WARN_UNDECLARED_SELECTOR = YES;
				GCC_WARN_UNINITIALIZED_AUTOS = YES_AGGRESSIVE;
				GCC_WARN_UNUSED_FUNCTION = YES;
				GCC_WARN_UNUSED_VARIABLE = YES;
				IPHONEOS_DEPLOYMENT_TARGET = 17.0;
				LOCALIZATION_PREFERS_STRING_CATALOGS = YES;
				MTL_ENABLE_DEBUG_INFO = INCLUDE_SOURCE;
				MTL_FAST_MATH = YES;
				ONLY_ACTIVE_ARCH = YES;
				SDKROOT = iphoneos;
				SWIFT_ACTIVE_COMPILATION_CONDITIONS = "DEBUG $(inherited)";
				SWIFT_OPTIMIZATION_LEVEL = "-Onone";
			};
			name = Debug;
		};
		AA000002 /* Release */ = {
			isa = XCBuildConfiguration;
			buildSettings = {
				ALWAYS_SEARCH_USER_PATHS = NO;
				ASSETCATALOG_COMPILER_GENERATE_SWIFT_ASSET_SYMBOL_EXTENSIONS = YES;
				CLANG_ANALYZER_NONNULL = YES;
				CLANG_ANALYZER_NUMBER_OBJECT_CONVERSION = YES_AGGRESSIVE;
				CLANG_CXX_LANGUAGE_STANDARD = "gnu++20";
				CLANG_ENABLE_MODULES = YES;
				CLANG_ENABLE_OBJC_ARC = YES;
				CLANG_ENABLE_OBJC_WEAK = YES;
				CLANG_WARN_BLOCK_CAPTURE_AUTORELEASING = YES;
				CLANG_WARN_BOOL_CONVERSION = YES;
				CLANG_WARN_COMMA = YES;
				CLANG_WARN_CONSTANT_CONVERSION = YES;
				CLANG_WARN_DEPRECATED_OBJC_IMPLEMENTATIONS = YES;
				CLANG_WARN_DIRECT_OBJC_ISA_USAGE = YES_ERROR;
				CLANG_WARN_DOCUMENTATION_COMMENTS = YES;
				CLANG_WARN_EMPTY_BODY = YES;
				CLANG_WARN_ENUM_CONVERSION = YES;
				CLANG_WARN_INFINITE_RECURSION = YES;
				CLANG_WARN_INT_CONVERSION = YES;
				CLANG_WARN_NON_LITERAL_NULL_CONVERSION = YES;
				CLANG_WARN_OBJC_IMPLICIT_RETAIN_SELF = YES;
				CLANG_WARN_OBJC_LITERAL_CONVERSION = YES;
				CLANG_WARN_OBJC_ROOT_CLASS = YES_ERROR;
				CLANG_WARN_QUOTED_INCLUDE_IN_FRAMEWORK_HEADER = YES;
				CLANG_WARN_RANGE_LOOP_ANALYSIS = YES;
				CLANG_WARN_STRICT_PROTOTYPES = YES;
				CLANG_WARN_SUSPICIOUS_MOVE = YES;
				CLANG_WARN_UNGUARDED_AVAILABILITY = YES_AGGRESSIVE;
				CLANG_WARN_UNREACHABLE_CODE = YES;
				CLANG_WARN__DUPLICATE_METHOD_MATCH = YES;
				COPY_PHASE_STRIP = NO;
				DEBUG_INFORMATION_FORMAT = "dwarf-with-dsym";
				ENABLE_NS_ASSERTIONS = NO;
				ENABLE_STRICT_OBJC_MSGSEND = YES;
				ENABLE_USER_SCRIPT_SANDBOXING = YES;
				GCC_C_LANGUAGE_STANDARD = gnu17;
				GCC_NO_COMMON_BLOCKS = YES;
				GCC_WARN_64_TO_32_BIT_CONVERSION = YES;
				GCC_WARN_ABOUT_RETURN_TYPE = YES_ERROR;
				GCC_WARN_UNDECLARED_SELECTOR = YES;
				GCC_WARN_UNINITIALIZED_AUTOS = YES_AGGRESSIVE;
				GCC_WARN_UNUSED_FUNCTION = YES;
				GCC_WARN_UNUSED_VARIABLE = YES;
				IPHONEOS_DEPLOYMENT_TARGET = 17.0;
				LOCALIZATION_PREFERS_STRING_CATALOGS = YES;
				MTL_FAST_MATH = YES;
				SDKROOT = iphoneos;
				SWIFT_COMPILATION_MODE = wholemodule;
				VALIDATE_PRODUCT = YES;
			};
			name = Release;
		};
		AB000001 /* Debug */ = {
			isa = XCBuildConfiguration;
			buildSettings = {
				ASSETCATALOG_COMPILER_APPICON_NAME = AppIcon;
				ASSETCATALOG_COMPILER_GLOBAL_ACCENT_COLOR_NAME = AccentColor;
				CODE_SIGN_ENTITLEMENTS = Config/GeoFilza18.entitlements;
				CODE_SIGN_STYLE = Automatic;
				CURRENT_PROJECT_VERSION = 1;
				DEVELOPMENT_TEAM = "";
				GENERATE_INFOPLIST_FILE = YES;
				HEADER_SEARCH_PATHS = (
					"$(SRCROOT)/GeoFilza18",
					"$(SRCROOT)/GeoFilza18/kexploit",
					"$(SRCROOT)/GeoFilza18/headers",
					"$(SRCROOT)/GeoFilza18/choma",
				);
				INFOPLIST_KEY_UIApplicationSceneManifest_Generation = YES;
				INFOPLIST_KEY_UIApplicationSupportsIndirectInputEvents = YES;
				INFOPLIST_KEY_UILaunchScreen_Generation = YES;
				INFOPLIST_KEY_UISupportedInterfaceOrientations_iPad = "UIInterfaceOrientationPortrait UIInterfaceOrientationPortraitUpsideDown UIInterfaceOrientationLandscapeLeft UIInterfaceOrientationLandscapeRight";
				INFOPLIST_KEY_UISupportedInterfaceOrientations_iPhone = "UIInterfaceOrientationPortrait UIInterfaceOrientationLandscapeLeft UIInterfaceOrientationLandscapeRight";
				LD_RUNPATH_SEARCH_PATHS = (
					"$(inherited)",
					"@executable_path/Frameworks",
				);
				LIBRARY_SEARCH_PATHS = (
					"$(PROJECT_DIR)/GeoFilza18/lib",
				);
				MARKETING_VERSION = 1.0;
				PRODUCT_BUNDLE_IDENTIFIER = com.geofilza18.browser;
				PRODUCT_NAME = "$(TARGET_NAME)";
				SUPPORTED_PLATFORMS = "iphoneos iphonesimulator";
				SUPPORTS_MACCATALYST = NO;
				SWIFT_EMIT_LOC_STRINGS = YES;
				SWIFT_OBJC_BRIDGING_HEADER = "GeoFilza18/GeoFilza18-Bridging-Header.h";
				SWIFT_VERSION = 5.0;
				TARGETED_DEVICE_FAMILY = "1,2";
			};
			name = Debug;
		};
		AB000002 /* Release */ = {
			isa = XCBuildConfiguration;
			buildSettings = {
				ASSETCATALOG_COMPILER_APPICON_NAME = AppIcon;
				ASSETCATALOG_COMPILER_GLOBAL_ACCENT_COLOR_NAME = AccentColor;
				CODE_SIGN_ENTITLEMENTS = Config/GeoFilza18.entitlements;
				CODE_SIGN_STYLE = Automatic;
				CURRENT_PROJECT_VERSION = 1;
				DEVELOPMENT_TEAM = "";
				GENERATE_INFOPLIST_FILE = YES;
				HEADER_SEARCH_PATHS = (
					"$(SRCROOT)/GeoFilza18",
					"$(SRCROOT)/GeoFilza18/kexploit",
					"$(SRCROOT)/GeoFilza18/headers",
					"$(SRCROOT)/GeoFilza18/choma",
				);
				INFOPLIST_KEY_UIApplicationSceneManifest_Generation = YES;
				INFOPLIST_KEY_UIApplicationSupportsIndirectInputEvents = YES;
				INFOPLIST_KEY_UILaunchScreen_Generation = YES;
				INFOPLIST_KEY_UISupportedInterfaceOrientations_iPad = "UIInterfaceOrientationPortrait UIInterfaceOrientationPortraitUpsideDown UIInterfaceOrientationLandscapeLeft UIInterfaceOrientationLandscapeRight";
				INFOPLIST_KEY_UISupportedInterfaceOrientations_iPhone = "UIInterfaceOrientationPortrait UIInterfaceOrientationLandscapeLeft UIInterfaceOrientationLandscapeRight";
				LD_RUNPATH_SEARCH_PATHS = (
					"$(inherited)",
					"@executable_path/Frameworks",
				);
				LIBRARY_SEARCH_PATHS = (
					"$(PROJECT_DIR)/GeoFilza18/lib",
				);
				MARKETING_VERSION = 1.0;
				PRODUCT_BUNDLE_IDENTIFIER = com.geofilza18.browser;
				PRODUCT_NAME = "$(TARGET_NAME)";
				SUPPORTED_PLATFORMS = "iphoneos iphonesimulator";
				SUPPORTS_MACCATALYST = NO;
				SWIFT_EMIT_LOC_STRINGS = YES;
				SWIFT_OBJC_BRIDGING_HEADER = "GeoFilza18/GeoFilza18-Bridging-Header.h";
				SWIFT_VERSION = 5.0;
				TARGETED_DEVICE_FAMILY = "1,2";
			};
			name = Release;
		};
/* End XCBuildConfiguration section */

/* Begin XCConfigurationList section */
		A8000001 /* Build configuration list for PBXNativeTarget "GeoFilza18" */ = {
			isa = XCConfigurationList;
			buildConfigurations = (
				AB000001 /* Debug */,
				AB000002 /* Release */,
			);
			defaultConfigurationIsVisible = 0;
			defaultConfigurationName = Release;
		};
		A8000010 /* Build configuration list for PBXProject "GeoFilza18" */ = {
			isa = XCConfigurationList;
			buildConfigurations = (
				AA000001 /* Debug */,
				AA000002 /* Release */,
			);
			defaultConfigurationIsVisible = 0;
			defaultConfigurationName = Release;
		};
/* End XCConfigurationList section */
	};
	rootObject = A9000001 /* Project object */;
}
